
Microsoft Visual Studio Solution File, Format Version 12.00
# Visual Studio Version 16
VisualStudioVersion = 16.0.30517.126
MinimumVisualStudioVersion = 10.0.40219.1
Project("{FAE04EC0-301F-11D3-BF4B-00C04F79EFBC}") = "Sokoban", "Sokoban\Sokoban.csproj", "{486F775F-4774-41F8-B085-4CB654A7D339}"
EndProject
Global
	GlobalSection(SolutionConfigurationPlatforms) = preSolution
		Debug|Any CPU = Debug|Any CPU
		Release|Any CPU = Release|Any CPU
	EndGlobalSection
	GlobalSection(ProjectConfigurationPlatforms) = postSolution
		{486F775F-4774-41F8-B085-4CB654A7D339}.Debug|Any CPU.ActiveCfg = Debug|Any CPU
		{486F775F-4774-41F8-B085-4CB654A7D339}.Debug|Any CPU.Build.0 = Debug|Any CPU
		{486F775F-4774-41F8-B085-4CB654A7D339}.Release|Any CPU.ActiveCfg = Release|Any CPU
		{486F775F-4774-41F8-B085-4CB654A7D339}.Release|Any CPU.Build.0 = Release|Any CPU
	EndGlobalSection
	GlobalSection(SolutionProperties) = preSolution
		HideSolutionNode = FALSE
	EndGlobalSection
	GlobalSection(ExtensibilityGlobals) = postSolution
		SolutionGuid = {CB6B627C-9942-4C0D-8F61-36765173AD1B}
	EndGlobalSection
EndGlobal
